
Microsoft Visual Studio Solution File, Format Version 12.00
# Visual Studio Version 17
VisualStudioVersion = 17.8.34330.188
MinimumVisualStudioVersion = 10.0.40219.1
Project("{FAE04EC0-301F-11D3-BF4B-00C04F79EFBC}") = "Simple Inventory Management System", "Simple Inventory Management System\Simple Inventory Management System.csproj", "{5F687649-9B8E-4701-9B78-0E7A443968C4}"
EndProject
Global
	GlobalSection(SolutionConfigurationPlatforms) = preSolution
		Debug|Any CPU = Debug|Any CPU
		Release|Any CPU = Release|Any CPU
	EndGlobalSection
	GlobalSection(ProjectConfigurationPlatforms) = postSolution
		{5F687649-9B8E-4701-9B78-0E7A443968C4}.Debug|Any CPU.ActiveCfg = Debug|Any CPU
		{5F687649-9B8E-4701-9B78-0E7A443968C4}.Debug|Any CPU.Build.0 = Debug|Any CPU
		{5F687649-9B8E-4701-9B78-0E7A443968C4}.Release|Any CPU.ActiveCfg = Release|Any CPU
		{5F687649-9B8E-4701-9B78-0E7A443968C4}.Release|Any CPU.Build.0 = Release|Any CPU
	EndGlobalSection
	GlobalSection(SolutionProperties) = preSolution
		HideSolutionNode = FALSE
	EndGlobalSection
	GlobalSection(ExtensibilityGlobals) = postSolution
		SolutionGuid = {A2BCF008-9969-42DC-AFDB-C599658643F0}
	EndGlobalSection
EndGlobal
